// !$*UTF8*$!
{
	archiveVersion = 1;
	classes = {
	};
	objectVersion = 50;
	objects = {

/* Begin PBXBuildFile section */
		DE29804425DFCB9300569BE3 /* AppDelegate.swift in Sources */ = {isa = PBXBuildFile; fileRef = DE29804325DFCB9300569BE3 /* AppDelegate.swift */; };
		DE29804625DFCB9300569BE3 /* SceneDelegate.swift in Sources */ = {isa = PBXBuildFile; fileRef = DE29804525DFCB9300569BE3 /* SceneDelegate.swift */; };
		DE29804825DFCB9300569BE3 /* HomeViewController.swift in Sources */ = {isa = PBXBuildFile; fileRef = DE29804725DFCB9300569BE3 /* HomeViewController.swift */; };
		DE29804B25DFCB9300569BE3 /* Main.storyboard in Resources */ = {isa = PBXBuildFile; fileRef = DE29804925DFCB9300569BE3 /* Main.storyboard */; };
		DE29804D25DFCB9700569BE3 /* Assets.xcassets in Resources */ = {isa = PBXBuildFile; fileRef = DE29804C25DFCB9700569BE3 /* Assets.xcassets */; };
		DE29805025DFCB9700569BE3 /* LaunchScreen.storyboard in Resources */ = {isa = PBXBuildFile; fileRef = DE29804E25DFCB9700569BE3 /* LaunchScreen.storyboard */; };
		DE29805B25DFCB9700569BE3 /* InstagramCloneTests.swift in Sources */ = {isa = PBXBuildFile; fileRef = DE29805A25DFCB9700569BE3 /* InstagramCloneTests.swift */; };
		DE29806625DFCB9700569BE3 /* InstagramCloneUITests.swift in Sources */ = {isa = PBXBuildFile; fileRef = DE29806525DFCB9700569BE3 /* InstagramCloneUITests.swift */; };
		DE2980A425DFD32200569BE3 /* ExploreViewController.swift in Sources */ = {isa = PBXBuildFile; fileRef = DE2980A325DFD32200569BE3 /* ExploreViewController.swift */; };
		DE2980A925DFD33900569BE3 /* CameraViewController.swift in Sources */ = {isa = PBXBuildFile; fileRef = DE2980A825DFD33900569BE3 /* CameraViewController.swift */; };
		DE2980AE25DFD34A00569BE3 /* NotificationsViewController.swift in Sources */ = {isa = PBXBuildFile; fileRef = DE2980AD25DFD34A00569BE3 /* NotificationsViewController.swift */; };
		DE2980B325DFD35800569BE3 /* ProfileViewController.swift in Sources */ = {isa = PBXBuildFile; fileRef = DE2980B225DFD35800569BE3 /* ProfileViewController.swift */; };
		DE2980BE25DFD3BE00569BE3 /* LoginViewController.swift in Sources */ = {isa = PBXBuildFile; fileRef = DE2980BD25DFD3BE00569BE3 /* LoginViewController.swift */; };
		DE2980C325DFD3CA00569BE3 /* RegistrationViewController.swift in Sources */ = {isa = PBXBuildFile; fileRef = DE2980C225DFD3CA00569BE3 /* RegistrationViewController.swift */; };
		DE2980C825DFD42100569BE3 /* PostViewController.swift in Sources */ = {isa = PBXBuildFile; fileRef = DE2980C725DFD42100569BE3 /* PostViewController.swift */; };
		DE2980CD25DFD92A00569BE3 /* EditProfileViewController.swift in Sources */ = {isa = PBXBuildFile; fileRef = DE2980CC25DFD92A00569BE3 /* EditProfileViewController.swift */; };
		DE2980D225DFD93800569BE3 /* SettingsViewController.swift in Sources */ = {isa = PBXBuildFile; fileRef = DE2980D125DFD93800569BE3 /* SettingsViewController.swift */; };
		DE2980D725DFD96100569BE3 /* ListViewController.swift in Sources */ = {isa = PBXBuildFile; fileRef = DE2980D625DFD96100569BE3 /* ListViewController.swift */; };
		DE2980DC25DFD97300569BE3 /* SearchViewController.swift in Sources */ = {isa = PBXBuildFile; fileRef = DE2980DB25DFD97300569BE3 /* SearchViewController.swift */; };
		DE2980E125DFD97F00569BE3 /* SearchResultsViewController.swift in Sources */ = {isa = PBXBuildFile; fileRef = DE2980E025DFD97F00569BE3 /* SearchResultsViewController.swift */; };
		DE2980E625DFD9AB00569BE3 /* PostEditorViewController.swift in Sources */ = {isa = PBXBuildFile; fileRef = DE2980E525DFD9AB00569BE3 /* PostEditorViewController.swift */; };
		DE2980EB25DFD9B600569BE3 /* PublishPostViewController.swift in Sources */ = {isa = PBXBuildFile; fileRef = DE2980EA25DFD9B600569BE3 /* PublishPostViewController.swift */; };
/* End PBXBuildFile section */

/* Begin PBXContainerItemProxy section */
		DE29805725DFCB9700569BE3 /* PBXContainerItemProxy */ = {
			isa = PBXContainerItemProxy;
			containerPortal = DE29803825DFCB9300569BE3 /* Project object */;
			proxyType = 1;
			remoteGlobalIDString = DE29803F25DFCB9300569BE3;
			remoteInfo = InstagramClone;
		};
		DE29806225DFCB9700569BE3 /* PBXContainerItemProxy */ = {
			isa = PBXContainerItemProxy;
			containerPortal = DE29803825DFCB9300569BE3 /* Project object */;
			proxyType = 1;
			remoteGlobalIDString = DE29803F25DFCB9300569BE3;
			remoteInfo = InstagramClone;
		};
/* End PBXContainerItemProxy section */

/* Begin PBXFileReference section */
		DE29804025DFCB9300569BE3 /* InstagramClone.app */ = {isa = PBXFileReference; explicitFileType = wrapper.application; includeInIndex = 0; path = InstagramClone.app; sourceTree = BUILT_PRODUCTS_DIR; };
		DE29804325DFCB9300569BE3 /* AppDelegate.swift */ = {isa = PBXFileReference; lastKnownFileType = sourcecode.swift; path = AppDelegate.swift; sourceTree = "<group>"; };
		DE29804525DFCB9300569BE3 /* SceneDelegate.swift */ = {isa = PBXFileReference; lastKnownFileType = sourcecode.swift; path = SceneDelegate.swift; sourceTree = "<group>"; };
		DE29804725DFCB9300569BE3 /* HomeViewController.swift */ = {isa = PBXFileReference; lastKnownFileType = sourcecode.swift; path = HomeViewController.swift; sourceTree = "<group>"; };
		DE29804A25DFCB9300569BE3 /* Base */ = {isa = PBXFileReference; lastKnownFileType = file.storyboard; name = Base; path = Base.lproj/Main.storyboard; sourceTree = "<group>"; };
		DE29804C25DFCB9700569BE3 /* Assets.xcassets */ = {isa = PBXFileReference; lastKnownFileType = folder.assetcatalog; path = Assets.xcassets; sourceTree = "<group>"; };
		DE29804F25DFCB9700569BE3 /* Base */ = {isa = PBXFileReference; lastKnownFileType = file.storyboard; name = Base; path = Base.lproj/LaunchScreen.storyboard; sourceTree = "<group>"; };
		DE29805125DFCB9700569BE3 /* Info.plist */ = {isa = PBXFileReference; lastKnownFileType = text.plist.xml; path = Info.plist; sourceTree = "<group>"; };
		DE29805625DFCB9700569BE3 /* InstagramCloneTests.xctest */ = {isa = PBXFileReference; explicitFileType = wrapper.cfbundle; includeInIndex = 0; path = InstagramCloneTests.xctest; sourceTree = BUILT_PRODUCTS_DIR; };
		DE29805A25DFCB9700569BE3 /* InstagramCloneTests.swift */ = {isa = PBXFileReference; lastKnownFileType = sourcecode.swift; path = InstagramCloneTests.swift; sourceTree = "<group>"; };
		DE29805C25DFCB9700569BE3 /* Info.plist */ = {isa = PBXFileReference; lastKnownFileType = text.plist.xml; path = Info.plist; sourceTree = "<group>"; };
		DE29806125DFCB9700569BE3 /* InstagramCloneUITests.xctest */ = {isa = PBXFileReference; explicitFileType = wrapper.cfbundle; includeInIndex = 0; path = InstagramCloneUITests.xctest; sourceTree = BUILT_PRODUCTS_DIR; };
		DE29806525DFCB9700569BE3 /* InstagramCloneUITests.swift */ = {isa = PBXFileReference; lastKnownFileType = sourcecode.swift; path = InstagramCloneUITests.swift; sourceTree = "<group>"; };
		DE29806725DFCB9700569BE3 /* Info.plist */ = {isa = PBXFileReference; lastKnownFileType = text.plist.xml; path = Info.plist; sourceTree = "<group>"; };
		DE2980A325DFD32200569BE3 /* ExploreViewController.swift */ = {isa = PBXFileReference; lastKnownFileType = sourcecode.swift; path = ExploreViewController.swift; sourceTree = "<group>"; };
		DE2980A825DFD33900569BE3 /* CameraViewController.swift */ = {isa = PBXFileReference; lastKnownFileType = sourcecode.swift; path = CameraViewController.swift; sourceTree = "<group>"; };
		DE2980AD25DFD34A00569BE3 /* NotificationsViewController.swift */ = {isa = PBXFileReference; lastKnownFileType = sourcecode.swift; path = NotificationsViewController.swift; sourceTree = "<group>"; };
		DE2980B225DFD35800569BE3 /* ProfileViewController.swift */ = {isa = PBXFileReference; lastKnownFileType = sourcecode.swift; path = ProfileViewController.swift; sourceTree = "<group>"; };
		DE2980BD25DFD3BE00569BE3 /* LoginViewController.swift */ = {isa = PBXFileReference; lastKnownFileType = sourcecode.swift; path = LoginViewController.swift; sourceTree = "<group>"; };
		DE2980C225DFD3CA00569BE3 /* RegistrationViewController.swift */ = {isa = PBXFileReference; lastKnownFileType = sourcecode.swift; path = RegistrationViewController.swift; sourceTree = "<group>"; };
		DE2980C725DFD42100569BE3 /* PostViewController.swift */ = {isa = PBXFileReference; lastKnownFileType = sourcecode.swift; path = PostViewController.swift; sourceTree = "<group>"; };
		DE2980CC25DFD92A00569BE3 /* EditProfileViewController.swift */ = {isa = PBXFileReference; lastKnownFileType = sourcecode.swift; path = EditProfileViewController.swift; sourceTree = "<group>"; };
		DE2980D125DFD93800569BE3 /* SettingsViewController.swift */ = {isa = PBXFileReference; lastKnownFileType = sourcecode.swift; path = SettingsViewController.swift; sourceTree = "<group>"; };
		DE2980D625DFD96100569BE3 /* ListViewController.swift */ = {isa = PBXFileReference; lastKnownFileType = sourcecode.swift; path = ListViewController.swift; sourceTree = "<group>"; };
		DE2980DB25DFD97300569BE3 /* SearchViewController.swift */ = {isa = PBXFileReference; lastKnownFileType = sourcecode.swift; path = SearchViewController.swift; sourceTree = "<group>"; };
		DE2980E025DFD97F00569BE3 /* SearchResultsViewController.swift */ = {isa = PBXFileReference; lastKnownFileType = sourcecode.swift; path = SearchResultsViewController.swift; sourceTree = "<group>"; };
		DE2980E525DFD9AB00569BE3 /* PostEditorViewController.swift */ = {isa = PBXFileReference; lastKnownFileType = sourcecode.swift; path = PostEditorViewController.swift; sourceTree = "<group>"; };
		DE2980EA25DFD9B600569BE3 /* PublishPostViewController.swift */ = {isa = PBXFileReference; lastKnownFileType = sourcecode.swift; path = PublishPostViewController.swift; sourceTree = "<group>"; };
/* End PBXFileReference section */

/* Begin PBXFrameworksBuildPhase section */
		DE29803D25DFCB9300569BE3 /* Frameworks */ = {
			isa = PBXFrameworksBuildPhase;
			buildActionMask = 2147483647;
			files = (
			);
			runOnlyForDeploymentPostprocessing = 0;
		};
		DE29805325DFCB9700569BE3 /* Frameworks */ = {
			isa = PBXFrameworksBuildPhase;
			buildActionMask = 2147483647;
			files = (
			);
			runOnlyForDeploymentPostprocessing = 0;
		};
		DE29805E25DFCB9700569BE3 /* Frameworks */ = {
			isa = PBXFrameworksBuildPhase;
			buildActionMask = 2147483647;
			files = (
			);
			runOnlyForDeploymentPostprocessing = 0;
		};
/* End PBXFrameworksBuildPhase section */

/* Begin PBXGroup section */
		DE29803725DFCB9300569BE3 = {
			isa = PBXGroup;
			children = (
				DE29804225DFCB9300569BE3 /* InstagramClone */,
				DE29805925DFCB9700569BE3 /* InstagramCloneTests */,
				DE29806425DFCB9700569BE3 /* InstagramCloneUITests */,
				DE29804125DFCB9300569BE3 /* Products */,
			);
			sourceTree = "<group>";
		};
		DE29804125DFCB9300569BE3 /* Products */ = {
			isa = PBXGroup;
			children = (
				DE29804025DFCB9300569BE3 /* InstagramClone.app */,
				DE29805625DFCB9700569BE3 /* InstagramCloneTests.xctest */,
				DE29806125DFCB9700569BE3 /* InstagramCloneUITests.xctest */,
			);
			name = Products;
			sourceTree = "<group>";
		};
		DE29804225DFCB9300569BE3 /* InstagramClone */ = {
			isa = PBXGroup;
			children = (
				DE29809225DFD1A000569BE3 /* Views */,
				DE29809525DFD1BC00569BE3 /* Controllers */,
				DE29809425DFD1B300569BE3 /* Models */,
				DE29809325DFD1A700569BE3 /* Resources */,
				DE29805125DFCB9700569BE3 /* Info.plist */,
			);
			path = InstagramClone;
			sourceTree = "<group>";
		};
		DE29805925DFCB9700569BE3 /* InstagramCloneTests */ = {
			isa = PBXGroup;
			children = (
				DE29805A25DFCB9700569BE3 /* InstagramCloneTests.swift */,
				DE29805C25DFCB9700569BE3 /* Info.plist */,
			);
			path = InstagramCloneTests;
			sourceTree = "<group>";
		};
		DE29806425DFCB9700569BE3 /* InstagramCloneUITests */ = {
			isa = PBXGroup;
			children = (
				DE29806525DFCB9700569BE3 /* InstagramCloneUITests.swift */,
				DE29806725DFCB9700569BE3 /* Info.plist */,
			);
			path = InstagramCloneUITests;
			sourceTree = "<group>";
		};
		DE29809225DFD1A000569BE3 /* Views */ = {
			isa = PBXGroup;
			children = (
				DE29809725DFD22D00569BE3 /* Storyboards */,
				DE29804C25DFCB9700569BE3 /* Assets.xcassets */,
			);
			path = Views;
			sourceTree = "<group>";
		};
		DE29809325DFD1A700569BE3 /* Resources */ = {
			isa = PBXGroup;
			children = (
				DE29804325DFCB9300569BE3 /* AppDelegate.swift */,
				DE29804525DFCB9300569BE3 /* SceneDelegate.swift */,
			);
			path = Resources;
			sourceTree = "<group>";
		};
		DE29809425DFD1B300569BE3 /* Models */ = {
			isa = PBXGroup;
			children = (
			);
			path = Models;
			sourceTree = "<group>";
		};
		DE29809525DFD1BC00569BE3 /* Controllers */ = {
			isa = PBXGroup;
			children = (
				DE2980BB25DFD3A700569BE3 /* Other */,
				DE2980B725DFD37400569BE3 /* Core Tabs */,
			);
			path = Controllers;
			sourceTree = "<group>";
		};
		DE29809725DFD22D00569BE3 /* Storyboards */ = {
			isa = PBXGroup;
			children = (
				DE29804925DFCB9300569BE3 /* Main.storyboard */,
				DE29804E25DFCB9700569BE3 /* LaunchScreen.storyboard */,
			);
			path = Storyboards;
			sourceTree = "<group>";
		};
		DE2980B725DFD37400569BE3 /* Core Tabs */ = {
			isa = PBXGroup;
			children = (
				DE29804725DFCB9300569BE3 /* HomeViewController.swift */,
				DE2980A325DFD32200569BE3 /* ExploreViewController.swift */,
				DE2980A825DFD33900569BE3 /* CameraViewController.swift */,
				DE2980AD25DFD34A00569BE3 /* NotificationsViewController.swift */,
				DE2980B225DFD35800569BE3 /* ProfileViewController.swift */,
			);
			path = "Core Tabs";
			sourceTree = "<group>";
		};
		DE2980BB25DFD3A700569BE3 /* Other */ = {
			isa = PBXGroup;
			children = (
				DE2980BC25DFD3B000569BE3 /* Onboarding */,
				DE2980C725DFD42100569BE3 /* PostViewController.swift */,
				DE2980CC25DFD92A00569BE3 /* EditProfileViewController.swift */,
				DE2980D125DFD93800569BE3 /* SettingsViewController.swift */,
				DE2980D625DFD96100569BE3 /* ListViewController.swift */,
				DE2980DB25DFD97300569BE3 /* SearchViewController.swift */,
				DE2980E025DFD97F00569BE3 /* SearchResultsViewController.swift */,
				DE2980E525DFD9AB00569BE3 /* PostEditorViewController.swift */,
				DE2980EA25DFD9B600569BE3 /* PublishPostViewController.swift */,
			);
			path = Other;
			sourceTree = "<group>";
		};
		DE2980BC25DFD3B000569BE3 /* Onboarding */ = {
			isa = PBXGroup;
			children = (
				DE2980BD25DFD3BE00569BE3 /* LoginViewController.swift */,
				DE2980C225DFD3CA00569BE3 /* RegistrationViewController.swift */,
			);
			path = Onboarding;
			sourceTree = "<group>";
		};
/* End PBXGroup section */

/* Begin PBXNativeTarget section */
		DE29803F25DFCB9300569BE3 /* InstagramClone */ = {
			isa = PBXNativeTarget;
			buildConfigurationList = DE29806A25DFCB9700569BE3 /* Build configuration list for PBXNativeTarget "InstagramClone" */;
			buildPhases = (
				DE29803C25DFCB9300569BE3 /* Sources */,
				DE29803D25DFCB9300569BE3 /* Frameworks */,
				DE29803E25DFCB9300569BE3 /* Resources */,
			);
			buildRules = (
			);
			dependencies = (
			);
			name = InstagramClone;
			productName = InstagramClone;
			productReference = DE29804025DFCB9300569BE3 /* InstagramClone.app */;
			productType = "com.apple.product-type.application";
		};
		DE29805525DFCB9700569BE3 /* InstagramCloneTests */ = {
			isa = PBXNativeTarget;
			buildConfigurationList = DE29806D25DFCB9700569BE3 /* Build configuration list for PBXNativeTarget "InstagramCloneTests" */;
			buildPhases = (
				DE29805225DFCB9700569BE3 /* Sources */,
				DE29805325DFCB9700569BE3 /* Frameworks */,
				DE29805425DFCB9700569BE3 /* Resources */,
			);
			buildRules = (
			);
			dependencies = (
				DE29805825DFCB9700569BE3 /* PBXTargetDependency */,
			);
			name = InstagramCloneTests;
			productName = InstagramCloneTests;
			productReference = DE29805625DFCB9700569BE3 /* InstagramCloneTests.xctest */;
			productType = "com.apple.product-type.bundle.unit-test";
		};
		DE29806025DFCB9700569BE3 /* InstagramCloneUITests */ = {
			isa = PBXNativeTarget;
			buildConfigurationList = DE29807025DFCB9700569BE3 /* Build configuration list for PBXNativeTarget "InstagramCloneUITests" */;
			buildPhases = (
				DE29805D25DFCB9700569BE3 /* Sources */,
				DE29805E25DFCB9700569BE3 /* Frameworks */,
				DE29805F25DFCB9700569BE3 /* Resources */,
			);
			buildRules = (
			);
			dependencies = (
				DE29806325DFCB9700569BE3 /* PBXTargetDependency */,
			);
			name = InstagramCloneUITests;
			productName = InstagramCloneUITests;
			productReference = DE29806125DFCB9700569BE3 /* InstagramCloneUITests.xctest */;
			productType = "com.apple.product-type.bundle.ui-testing";
		};
/* End PBXNativeTarget section */

/* Begin PBXProject section */
		DE29803825DFCB9300569BE3 /* Project object */ = {
			isa = PBXProject;
			attributes = {
				LastSwiftUpdateCheck = 1240;
				LastUpgradeCheck = 1240;
				TargetAttributes = {
					DE29803F25DFCB9300569BE3 = {
						CreatedOnToolsVersion = 12.4;
					};
					DE29805525DFCB9700569BE3 = {
						CreatedOnToolsVersion = 12.4;
						TestTargetID = DE29803F25DFCB9300569BE3;
					};
					DE29806025DFCB9700569BE3 = {
						CreatedOnToolsVersion = 12.4;
						TestTargetID = DE29803F25DFCB9300569BE3;
					};
				};
			};
			buildConfigurationList = DE29803B25DFCB9300569BE3 /* Build configuration list for PBXProject "InstagramClone" */;
			compatibilityVersion = "Xcode 9.3";
			developmentRegion = en;
			hasScannedForEncodings = 0;
			knownRegions = (
				en,
				Base,
			);
			mainGroup = DE29803725DFCB9300569BE3;
			productRefGroup = DE29804125DFCB9300569BE3 /* Products */;
			projectDirPath = "";
			projectRoot = "";
			targets = (
				DE29803F25DFCB9300569BE3 /* InstagramClone */,
				DE29805525DFCB9700569BE3 /* InstagramCloneTests */,
				DE29806025DFCB9700569BE3 /* InstagramCloneUITests */,
			);
		};
/* End PBXProject section */

/* Begin PBXResourcesBuildPhase section */
		DE29803E25DFCB9300569BE3 /* Resources */ = {
			isa = PBXResourcesBuildPhase;
			buildActionMask = 2147483647;
			files = (
				DE29805025DFCB9700569BE3 /* LaunchScreen.storyboard in Resources */,
				DE29804D25DFCB9700569BE3 /* Assets.xcassets in Resources */,
				DE29804B25DFCB9300569BE3 /* Main.storyboard in Resources */,
			);
			runOnlyForDeploymentPostprocessing = 0;
		};
		DE29805425DFCB9700569BE3 /* Resources */ = {
			isa = PBXResourcesBuildPhase;
			buildActionMask = 2147483647;
			files = (
			);
			runOnlyForDeploymentPostprocessing = 0;
		};
		DE29805F25DFCB9700569BE3 /* Resources */ = {
			isa = PBXResourcesBuildPhase;
			buildActionMask = 2147483647;
			files = (
			);
			runOnlyForDeploymentPostprocessing = 0;
		};
/* End PBXResourcesBuildPhase section */

/* Begin PBXSourcesBuildPhase section */
		DE29803C25DFCB9300569BE3 /* Sources */ = {
			isa = PBXSourcesBuildPhase;
			buildActionMask = 2147483647;
			files = (
				DE2980CD25DFD92A00569BE3 /* EditProfileViewController.swift in Sources */,
				DE2980A425DFD32200569BE3 /* ExploreViewController.swift in Sources */,
				DE2980EB25DFD9B600569BE3 /* PublishPostViewController.swift in Sources */,
				DE2980A925DFD33900569BE3 /* CameraViewController.swift in Sources */,
				DE29804825DFCB9300569BE3 /* HomeViewController.swift in Sources */,
				DE2980E125DFD97F00569BE3 /* SearchResultsViewController.swift in Sources */,
				DE2980E625DFD9AB00569BE3 /* PostEditorViewController.swift in Sources */,
				DE2980C325DFD3CA00569BE3 /* RegistrationViewController.swift in Sources */,
				DE2980C825DFD42100569BE3 /* PostViewController.swift in Sources */,
				DE2980AE25DFD34A00569BE3 /* NotificationsViewController.swift in Sources */,
				DE2980BE25DFD3BE00569BE3 /* LoginViewController.swift in Sources */,
				DE2980DC25DFD97300569BE3 /* SearchViewController.swift in Sources */,
				DE2980B325DFD35800569BE3 /* ProfileViewController.swift in Sources */,
				DE29804425DFCB9300569BE3 /* AppDelegate.swift in Sources */,
				DE29804625DFCB9300569BE3 /* SceneDelegate.swift in Sources */,
				DE2980D725DFD96100569BE3 /* ListViewController.swift in Sources */,
				DE2980D225DFD93800569BE3 /* SettingsViewController.swift in Sources */,
			);
			runOnlyForDeploymentPostprocessing = 0;
		};
		DE29805225DFCB9700569BE3 /* Sources */ = {
			isa = PBXSourcesBuildPhase;
			buildActionMask = 2147483647;
			files = (
				DE29805B25DFCB9700569BE3 /* InstagramCloneTests.swift in Sources */,
			);
			runOnlyForDeploymentPostprocessing = 0;
		};
		DE29805D25DFCB9700569BE3 /* Sources */ = {
			isa = PBXSourcesBuildPhase;
			buildActionMask = 2147483647;
			files = (
				DE29806625DFCB9700569BE3 /* InstagramCloneUITests.swift in Sources */,
			);
			runOnlyForDeploymentPostprocessing = 0;
		};
/* End PBXSourcesBuildPhase section */

/* Begin PBXTargetDependency section */
		DE29805825DFCB9700569BE3 /* PBXTargetDependency */ = {
			isa = PBXTargetDependency;
			target = DE29803F25DFCB9300569BE3 /* InstagramClone */;
			targetProxy = DE29805725DFCB9700569BE3 /* PBXContainerItemProxy */;
		};
		DE29806325DFCB9700569BE3 /* PBXTargetDependency */ = {
			isa = PBXTargetDependency;
			target = DE29803F25DFCB9300569BE3 /* InstagramClone */;
			targetProxy = DE29806225DFCB9700569BE3 /* PBXContainerItemProxy */;
		};
/* End PBXTargetDependency section */

/* Begin PBXVariantGroup section */
		DE29804925DFCB9300569BE3 /* Main.storyboard */ = {
			isa = PBXVariantGroup;
			children = (
				DE29804A25DFCB9300569BE3 /* Base */,
			);
			name = Main.storyboard;
			sourceTree = "<group>";
		};
		DE29804E25DFCB9700569BE3 /* LaunchScreen.storyboard */ = {
			isa = PBXVariantGroup;
			children = (
				DE29804F25DFCB9700569BE3 /* Base */,
			);
			name = LaunchScreen.storyboard;
			sourceTree = "<group>";
		};
/* End PBXVariantGroup section */

/* Begin XCBuildConfiguration section */
		DE29806825DFCB9700569BE3 /* Debug */ = {
			isa = XCBuildConfiguration;
			buildSettings = {
				ALWAYS_SEARCH_USER_PATHS = NO;
				CLANG_ANALYZER_NONNULL = YES;
				CLANG_ANALYZER_NUMBER_OBJECT_CONVERSION = YES_AGGRESSIVE;
				CLANG_CXX_LANGUAGE_STANDARD = "gnu++14";
				CLANG_CXX_LIBRARY = "libc++";
				CLANG_ENABLE_MODULES = YES;
				CLANG_ENABLE_OBJC_ARC = YES;
				CLANG_ENABLE_OBJC_WEAK = YES;
				CLANG_WARN_BLOCK_CAPTURE_AUTORELEASING = YES;
				CLANG_WARN_BOOL_CONVERSION = YES;
				CLANG_WARN_COMMA = YES;
				CLANG_WARN_CONSTANT_CONVERSION = YES;
				CLANG_WARN_DEPRECATED_OBJC_IMPLEMENTATIONS = YES;
				CLANG_WARN_DIRECT_OBJC_ISA_USAGE = YES_ERROR;
				CLANG_WARN_DOCUMENTATION_COMMENTS = YES;
				CLANG_WARN_EMPTY_BODY = YES;
				CLANG_WARN_ENUM_CONVERSION = YES;
				CLANG_WARN_INFINITE_RECURSION = YES;
				CLANG_WARN_INT_CONVERSION = YES;
				CLANG_WARN_NON_LITERAL_NULL_CONVERSION = YES;
				CLANG_WARN_OBJC_IMPLICIT_RETAIN_SELF = YES;
				CLANG_WARN_OBJC_LITERAL_CONVERSION = YES;
				CLANG_WARN_OBJC_ROOT_CLASS = YES_ERROR;
				CLANG_WARN_QUOTED_INCLUDE_IN_FRAMEWORK_HEADER = YES;
				CLANG_WARN_RANGE_LOOP_ANALYSIS = YES;
				CLANG_WARN_STRICT_PROTOTYPES = YES;
				CLANG_WARN_SUSPICIOUS_MOVE = YES;
				CLANG_WARN_UNGUARDED_AVAILABILITY = YES_AGGRESSIVE;
				CLANG_WARN_UNREACHABLE_CODE = YES;
				CLANG_WARN__DUPLICATE_METHOD_MATCH = YES;
				COPY_PHASE_STRIP = NO;
				DEBUG_INFORMATION_FORMAT = dwarf;
				ENABLE_STRICT_OBJC_MSGSEND = YES;
				ENABLE_TESTABILITY = YES;
				GCC_C_LANGUAGE_STANDARD = gnu11;
				GCC_DYNAMIC_NO_PIC = NO;
				GCC_NO_COMMON_BLOCKS = YES;
				GCC_OPTIMIZATION_LEVEL = 0;
				GCC_PREPROCESSOR_DEFINITIONS = (
					"DEBUG=1",
					"$(inherited)",
				);
				GCC_WARN_64_TO_32_BIT_CONVERSION = YES;
				GCC_WARN_ABOUT_RETURN_TYPE = YES_ERROR;
				GCC_WARN_UNDECLARED_SELECTOR = YES;
				GCC_WARN_UNINITIALIZED_AUTOS = YES_AGGRESSIVE;
				GCC_WARN_UNUSED_FUNCTION = YES;
				GCC_WARN_UNUSED_VARIABLE = YES;
				IPHONEOS_DEPLOYMENT_TARGET = 14.4;
				MTL_ENABLE_DEBUG_INFO = INCLUDE_SOURCE;
				MTL_FAST_MATH = YES;
				ONLY_ACTIVE_ARCH = YES;
				SDKROOT = iphoneos;
				SWIFT_ACTIVE_COMPILATION_CONDITIONS = DEBUG;
				SWIFT_OPTIMIZATION_LEVEL = "-Onone";
			};
			name = Debug;
		};
		DE29806925DFCB9700569BE3 /* Release */ = {
			isa = XCBuildConfiguration;
			buildSettings = {
				ALWAYS_SEARCH_USER_PATHS = NO;
				CLANG_ANALYZER_NONNULL = YES;
				CLANG_ANALYZER_NUMBER_OBJECT_CONVERSION = YES_AGGRESSIVE;
				CLANG_CXX_LANGUAGE_STANDARD = "gnu++14";
				CLANG_CXX_LIBRARY = "libc++";
				CLANG_ENABLE_MODULES = YES;
				CLANG_ENABLE_OBJC_ARC = YES;
				CLANG_ENABLE_OBJC_WEAK = YES;
				CLANG_WARN_BLOCK_CAPTURE_AUTORELEASING = YES;
				CLANG_WARN_BOOL_CONVERSION = YES;
				CLANG_WARN_COMMA = YES;
				CLANG_WARN_CONSTANT_CONVERSION = YES;
				CLANG_WARN_DEPRECATED_OBJC_IMPLEMENTATIONS = YES;
				CLANG_WARN_DIRECT_OBJC_ISA_USAGE = YES_ERROR;
				CLANG_WARN_DOCUMENTATION_COMMENTS = YES;
				CLANG_WARN_EMPTY_BODY = YES;
				CLANG_WARN_ENUM_CONVERSION = YES;
				CLANG_WARN_INFINITE_RECURSION = YES;
				CLANG_WARN_INT_CONVERSION = YES;
				CLANG_WARN_NON_LITERAL_NULL_CONVERSION = YES;
				CLANG_WARN_OBJC_IMPLICIT_RETAIN_SELF = YES;
				CLANG_WARN_OBJC_LITERAL_CONVERSION = YES;
				CLANG_WARN_OBJC_ROOT_CLASS = YES_ERROR;
				CLANG_WARN_QUOTED_INCLUDE_IN_FRAMEWORK_HEADER = YES;
				CLANG_WARN_RANGE_LOOP_ANALYSIS = YES;
				CLANG_WARN_STRICT_PROTOTYPES = YES;
				CLANG_WARN_SUSPICIOUS_MOVE = YES;
				CLANG_WARN_UNGUARDED_AVAILABILITY = YES_AGGRESSIVE;
				CLANG_WARN_UNREACHABLE_CODE = YES;
				CLANG_WARN__DUPLICATE_METHOD_MATCH = YES;
				COPY_PHASE_STRIP = NO;
				DEBUG_INFORMATION_FORMAT = "dwarf-with-dsym";
				ENABLE_NS_ASSERTIONS = NO;
				ENABLE_STRICT_OBJC_MSGSEND = YES;
				GCC_C_LANGUAGE_STANDARD = gnu11;
				GCC_NO_COMMON_BLOCKS = YES;
				GCC_WARN_64_TO_32_BIT_CONVERSION = YES;
				GCC_WARN_ABOUT_RETURN_TYPE = YES_ERROR;
				GCC_WARN_UNDECLARED_SELECTOR = YES;
				GCC_WARN_UNINITIALIZED_AUTOS = YES_AGGRESSIVE;
				GCC_WARN_UNUSED_FUNCTION = YES;
				GCC_WARN_UNUSED_VARIABLE = YES;
				IPHONEOS_DEPLOYMENT_TARGET = 14.4;
				MTL_ENABLE_DEBUG_INFO = NO;
				MTL_FAST_MATH = YES;
				SDKROOT = iphoneos;
				SWIFT_COMPILATION_MODE = wholemodule;
				SWIFT_OPTIMIZATION_LEVEL = "-O";
				VALIDATE_PRODUCT = YES;
			};
			name = Release;
		};
		DE29806B25DFCB9700569BE3 /* Debug */ = {
			isa = XCBuildConfiguration;
			buildSettings = {
				ASSETCATALOG_COMPILER_APPICON_NAME = AppIcon;
				ASSETCATALOG_COMPILER_GLOBAL_ACCENT_COLOR_NAME = AccentColor;
				CODE_SIGN_STYLE = Automatic;
				DEVELOPMENT_TEAM = SLL3925XJ4;
				INFOPLIST_FILE = InstagramClone/Info.plist;
				LD_RUNPATH_SEARCH_PATHS = (
					"$(inherited)",
					"@executable_path/Frameworks",
				);
				PRODUCT_BUNDLE_IDENTIFIER = com.companyname.InstagramClone;
				PRODUCT_NAME = "$(TARGET_NAME)";
				SWIFT_VERSION = 5.0;
				TARGETED_DEVICE_FAMILY = "1,2";
			};
			name = Debug;
		};
		DE29806C25DFCB9700569BE3 /* Release */ = {
			isa = XCBuildConfiguration;
			buildSettings = {
				ASSETCATALOG_COMPILER_APPICON_NAME = AppIcon;
				ASSETCATALOG_COMPILER_GLOBAL_ACCENT_COLOR_NAME = AccentColor;
				CODE_SIGN_STYLE = Automatic;
				DEVELOPMENT_TEAM = SLL3925XJ4;
				INFOPLIST_FILE = InstagramClone/Info.plist;
				LD_RUNPATH_SEARCH_PATHS = (
					"$(inherited)",
					"@executable_path/Frameworks",
				);
				PRODUCT_BUNDLE_IDENTIFIER = com.companyname.InstagramClone;
				PRODUCT_NAME = "$(TARGET_NAME)";
				SWIFT_VERSION = 5.0;
				TARGETED_DEVICE_FAMILY = "1,2";
			};
			name = Release;
		};
		DE29806E25DFCB9700569BE3 /* Debug */ = {
			isa = XCBuildConfiguration;
			buildSettings = {
				ALWAYS_EMBED_SWIFT_STANDARD_LIBRARIES = YES;
				BUNDLE_LOADER = "$(TEST_HOST)";
				CODE_SIGN_STYLE = Automatic;
				DEVELOPMENT_TEAM = SLL3925XJ4;
				INFOPLIST_FILE = InstagramCloneTests/Info.plist;
				IPHONEOS_DEPLOYMENT_TARGET = 14.4;
				LD_RUNPATH_SEARCH_PATHS = (
					"$(inherited)",
					"@executable_path/Frameworks",
					"@loader_path/Frameworks",
				);
				PRODUCT_BUNDLE_IDENTIFIER = com.companyname.InstagramCloneTests;
				PRODUCT_NAME = "$(TARGET_NAME)";
				SWIFT_VERSION = 5.0;
				TARGETED_DEVICE_FAMILY = "1,2";
				TEST_HOST = "$(BUILT_PRODUCTS_DIR)/InstagramClone.app/InstagramClone";
			};
			name = Debug;
		};
		DE29806F25DFCB9700569BE3 /* Release */ = {
			isa = XCBuildConfiguration;
			buildSettings = {
				ALWAYS_EMBED_SWIFT_STANDARD_LIBRARIES = YES;
				BUNDLE_LOADER = "$(TEST_HOST)";
				CODE_SIGN_STYLE = Automatic;
				DEVELOPMENT_TEAM = SLL3925XJ4;
				INFOPLIST_FILE = InstagramCloneTests/Info.plist;
				IPHONEOS_DEPLOYMENT_TARGET = 14.4;
				LD_RUNPATH_SEARCH_PATHS = (
					"$(inherited)",
					"@executable_path/Frameworks",
					"@loader_path/Frameworks",
				);
				PRODUCT_BUNDLE_IDENTIFIER = com.companyname.InstagramCloneTests;
				PRODUCT_NAME = "$(TARGET_NAME)";
				SWIFT_VERSION = 5.0;
				TARGETED_DEVICE_FAMILY = "1,2";
				TEST_HOST = "$(BUILT_PRODUCTS_DIR)/InstagramClone.app/InstagramClone";
			};
			name = Release;
		};
		DE29807125DFCB9700569BE3 /* Debug */ = {
			isa = XCBuildConfiguration;
			buildSettings = {
				ALWAYS_EMBED_SWIFT_STANDARD_LIBRARIES = YES;
				CODE_SIGN_STYLE = Automatic;
				DEVELOPMENT_TEAM = SLL3925XJ4;
				INFOPLIST_FILE = InstagramCloneUITests/Info.plist;
				LD_RUNPATH_SEARCH_PATHS = (
					"$(inherited)",
					"@executable_path/Frameworks",
					"@loader_path/Frameworks",
				);
				PRODUCT_BUNDLE_IDENTIFIER = com.companyname.InstagramCloneUITests;
				PRODUCT_NAME = "$(TARGET_NAME)";
				SWIFT_VERSION = 5.0;
				TARGETED_DEVICE_FAMILY = "1,2";
				TEST_TARGET_NAME = InstagramClone;
			};
			name = Debug;
		};
		DE29807225DFCB9700569BE3 /* Release */ = {
			isa = XCBuildConfiguration;
			buildSettings = {
				ALWAYS_EMBED_SWIFT_STANDARD_LIBRARIES = YES;
				CODE_SIGN_STYLE = Automatic;
				DEVELOPMENT_TEAM = SLL3925XJ4;
				INFOPLIST_FILE = InstagramCloneUITests/Info.plist;
				LD_RUNPATH_SEARCH_PATHS = (
					"$(inherited)",
					"@executable_path/Frameworks",
					"@loader_path/Frameworks",
				);
				PRODUCT_BUNDLE_IDENTIFIER = com.companyname.InstagramCloneUITests;
				PRODUCT_NAME = "$(TARGET_NAME)";
				SWIFT_VERSION = 5.0;
				TARGETED_DEVICE_FAMILY = "1,2";
				TEST_TARGET_NAME = InstagramClone;
			};
			name = Release;
		};
/* End XCBuildConfiguration section */

/* Begin XCConfigurationList section */
		DE29803B25DFCB9300569BE3 /* Build configuration list for PBXProject "InstagramClone" */ = {
			isa = XCConfigurationList;
			buildConfigurations = (
				DE29806825DFCB9700569BE3 /* Debug */,
				DE29806925DFCB9700569BE3 /* Release */,
			);
			defaultConfigurationIsVisible = 0;
			defaultConfigurationName = Release;
		};
		DE29806A25DFCB9700569BE3 /* Build configuration list for PBXNativeTarget "InstagramClone" */ = {
			isa = XCConfigurationList;
			buildConfigurations = (
				DE29806B25DFCB9700569BE3 /* Debug */,
				DE29806C25DFCB9700569BE3 /* Release */,
			);
			defaultConfigurationIsVisible = 0;
			defaultConfigurationName = Release;
		};
		DE29806D25DFCB9700569BE3 /* Build configuration list for PBXNativeTarget "InstagramCloneTests" */ = {
			isa = XCConfigurationList;
			buildConfigurations = (
				DE29806E25DFCB9700569BE3 /* Debug */,
				DE29806F25DFCB9700569BE3 /* Release */,
			);
			defaultConfigurationIsVisible = 0;
			defaultConfigurationName = Release;
		};
		DE29807025DFCB9700569BE3 /* Build configuration list for PBXNativeTarget "InstagramCloneUITests" */ = {
			isa = XCConfigurationList;
			buildConfigurations = (
				DE29807125DFCB9700569BE3 /* Debug */,
				DE29807225DFCB9700569BE3 /* Release */,
			);
			defaultConfigurationIsVisible = 0;
			defaultConfigurationName = Release;
		};
/* End XCConfigurationList section */
	};
	rootObject = DE29803825DFCB9300569BE3 /* Project object */;
}
